
Microsoft Visual Studio Solution File, Format Version 12.00
# Visual Studio Version 17
VisualStudioVersion = 17.9.34616.47
MinimumVisualStudioVersion = 10.0.40219.1
Project("{FAE04EC0-301F-11D3-BF4B-00C04F79EFBC}") = "basla2", "basla2\basla2.csproj", "{2920B078-B308-4247-9916-F53D24B46733}"
EndProject
Global
	GlobalSection(SolutionConfigurationPlatforms) = preSolution
		Debug|Any CPU = Debug|Any CPU
		Release|Any CPU = Release|Any CPU
	EndGlobalSection
	GlobalSection(ProjectConfigurationPlatforms) = postSolution
		{2920B078-B308-4247-9916-F53D24B46733}.Debug|Any CPU.ActiveCfg = Debug|Any CPU
		{2920B078-B308-4247-9916-F53D24B46733}.Debug|Any CPU.Build.0 = Debug|Any CPU
		{2920B078-B308-4247-9916-F53D24B46733}.Release|Any CPU.ActiveCfg = Release|Any CPU
		{2920B078-B308-4247-9916-F53D24B46733}.Release|Any CPU.Build.0 = Release|Any CPU
	EndGlobalSection
	GlobalSection(SolutionProperties) = preSolution
		HideSolutionNode = FALSE
	EndGlobalSection
	GlobalSection(ExtensibilityGlobals) = postSolution
		SolutionGuid = {57D1550A-6DCC-4092-89F0-C47A4FCD5B60}
	EndGlobalSection
EndGlobal
